
Microsoft Visual Studio Solution File, Format Version 12.00
# Visual Studio Version 16
VisualStudioVersion = 16.0.31702.278
MinimumVisualStudioVersion = 10.0.40219.1
Project("{FAE04EC0-301F-11D3-BF4B-00C04F79EFBC}") = "NetworkWebAPI.WebAPI", "NetworkWebAPI.WebAPI\NetworkWebAPI.WebAPI.csproj", "{2520D45C-B4A8-41F6-9657-BFF6301259ED}"
EndProject
Global
	GlobalSection(SolutionConfigurationPlatforms) = preSolution
		Debug|Any CPU = Debug|Any CPU
		Release|Any CPU = Release|Any CPU
	EndGlobalSection
	GlobalSection(ProjectConfigurationPlatforms) = postSolution
		{2520D45C-B4A8-41F6-9657-BFF6301259ED}.Debug|Any CPU.ActiveCfg = Debug|Any CPU
		{2520D45C-B4A8-41F6-9657-BFF6301259ED}.Debug|Any CPU.Build.0 = Debug|Any CPU
		{2520D45C-B4A8-41F6-9657-BFF6301259ED}.Release|Any CPU.ActiveCfg = Release|Any CPU
		{2520D45C-B4A8-41F6-9657-BFF6301259ED}.Release|Any CPU.Build.0 = Release|Any CPU
	EndGlobalSection
	GlobalSection(SolutionProperties) = preSolution
		HideSolutionNode = FALSE
	EndGlobalSection
	GlobalSection(ExtensibilityGlobals) = postSolution
		SolutionGuid = {DFCAA69E-41DA-49B7-87B9-BFB281B423BF}
	EndGlobalSection
EndGlobal
